// !$*UTF8*$!
{
	archiveVersion = 1;
	classes = {
	};
	objectVersion = 50;
	objects = {

/* Begin PBXBuildFile section */
		2B3AC0D0216960E80066D32E /* MainViewController.swift in Sources */ = {isa = PBXBuildFile; fileRef = 2B3AC0CF216960E80066D32E /* MainViewController.swift */; };
		2B3AC0D1216960E80066D32E /* MainViewController.swift in Sources */ = {isa = PBXBuildFile; fileRef = 2B3AC0CF216960E80066D32E /* MainViewController.swift */; };
		9DB4643921543063006B8678 /* AppDelegate.swift in Sources */ = {isa = PBXBuildFile; fileRef = 9DB4643821543063006B8678 /* AppDelegate.swift */; };
		9DB4643E21543063006B8678 /* Main.storyboard in Resources */ = {isa = PBXBuildFile; fileRef = 9DB4643C21543063006B8678 /* Main.storyboard */; };
		9DB4644021543067006B8678 /* Assets.xcassets in Resources */ = {isa = PBXBuildFile; fileRef = 9DB4643F21543067006B8678 /* Assets.xcassets */; };
		9DB4644321543067006B8678 /* LaunchScreen.storyboard in Resources */ = {isa = PBXBuildFile; fileRef = 9DB4644121543067006B8678 /* LaunchScreen.storyboard */; };
		9DB4644E21543068006B8678 /* MonkeyLabTests.swift in Sources */ = {isa = PBXBuildFile; fileRef = 9DB4644D21543068006B8678 /* MonkeyLabTests.swift */; };
		9DB4645921543068006B8678 /* MonkeyLabUITests.swift in Sources */ = {isa = PBXBuildFile; fileRef = 9DB4645821543068006B8678 /* MonkeyLabUITests.swift */; };
		9DB716F8217639AC004A68FB /* Messages.framework in Frameworks */ = {isa = PBXBuildFile; fileRef = 9DB716F7217639AC004A68FB /* Messages.framework */; };
		9DB716FB217639AC004A68FB /* MessagesViewController.swift in Sources */ = {isa = PBXBuildFile; fileRef = 9DB716FA217639AC004A68FB /* MessagesViewController.swift */; };
		9DB716FE217639AC004A68FB /* MainInterface.storyboard in Resources */ = {isa = PBXBuildFile; fileRef = 9DB716FC217639AC004A68FB /* MainInterface.storyboard */; };
		9DB71700217639AD004A68FB /* Assets.xcassets in Resources */ = {isa = PBXBuildFile; fileRef = 9DB716FF217639AD004A68FB /* Assets.xcassets */; };
		9DB71704217639AD004A68FB /* MessagesExtension.appex in Embed App Extensions */ = {isa = PBXBuildFile; fileRef = 9DB716F5217639AC004A68FB /* MessagesExtension.appex */; settings = {ATTRIBUTES = (RemoveHeadersOnCopy, ); }; };
		9DB7170A217646A2004A68FB /* RecurrentMessage.swift in Sources */ = {isa = PBXBuildFile; fileRef = 9DB71709217646A2004A68FB /* RecurrentMessage.swift */; };
		9DB7170B217646A2004A68FB /* RecurrentMessage.swift in Sources */ = {isa = PBXBuildFile; fileRef = 9DB71709217646A2004A68FB /* RecurrentMessage.swift */; };
		9DB7170C217646A2004A68FB /* RecurrentMessage.swift in Sources */ = {isa = PBXBuildFile; fileRef = 9DB71709217646A2004A68FB /* RecurrentMessage.swift */; };
		9DB7170D217646A2004A68FB /* RecurrentMessage.swift in Sources */ = {isa = PBXBuildFile; fileRef = 9DB71709217646A2004A68FB /* RecurrentMessage.swift */; };
		9DB7170F21764B70004A68FB /* SavedMessageViewCell.swift in Sources */ = {isa = PBXBuildFile; fileRef = 9DB7170E21764B70004A68FB /* SavedMessageViewCell.swift */; };
		9DB7171021764B70004A68FB /* SavedMessageViewCell.swift in Sources */ = {isa = PBXBuildFile; fileRef = 9DB7170E21764B70004A68FB /* SavedMessageViewCell.swift */; };
/* End PBXBuildFile section */

/* Begin PBXContainerItemProxy section */
		9DB4644A21543068006B8678 /* PBXContainerItemProxy */ = {
			isa = PBXContainerItemProxy;
			containerPortal = 9DB4642D21543063006B8678 /* Project object */;
			proxyType = 1;
			remoteGlobalIDString = 9DB4643421543063006B8678;
			remoteInfo = MonkeyLab;
		};
		9DB4645521543068006B8678 /* PBXContainerItemProxy */ = {
			isa = PBXContainerItemProxy;
			containerPortal = 9DB4642D21543063006B8678 /* Project object */;
			proxyType = 1;
			remoteGlobalIDString = 9DB4643421543063006B8678;
			remoteInfo = MonkeyLab;
		};
		9DB71702217639AD004A68FB /* PBXContainerItemProxy */ = {
			isa = PBXContainerItemProxy;
			containerPortal = 9DB4642D21543063006B8678 /* Project object */;
			proxyType = 1;
			remoteGlobalIDString = 9DB716F4217639AC004A68FB;
			remoteInfo = MessagesExtension;
		};
/* End PBXContainerItemProxy section */

/* Begin PBXCopyFilesBuildPhase section */
		9DB71708217639AD004A68FB /* Embed App Extensions */ = {
			isa = PBXCopyFilesBuildPhase;
			buildActionMask = 2147483647;
			dstPath = "";
			dstSubfolderSpec = 13;
			files = (
				9DB71704217639AD004A68FB /* MessagesExtension.appex in Embed App Extensions */,
			);
			name = "Embed App Extensions";
			runOnlyForDeploymentPostprocessing = 0;
		};
/* End PBXCopyFilesBuildPhase section */

/* Begin PBXFileReference section */
		2B3AC0CB21695C050066D32E /* README.md */ = {isa = PBXFileReference; lastKnownFileType = net.daringfireball.markdown; path = README.md; sourceTree = "<group>"; };
		2B3AC0CF216960E80066D32E /* MainViewController.swift */ = {isa = PBXFileReference; lastKnownFileType = sourcecode.swift; path = MainViewController.swift; sourceTree = "<group>"; };
		9DB4643521543063006B8678 /* MonkeyLab.app */ = {isa = PBXFileReference; explicitFileType = wrapper.application; includeInIndex = 0; path = MonkeyLab.app; sourceTree = BUILT_PRODUCTS_DIR; };
		9DB4643821543063006B8678 /* AppDelegate.swift */ = {isa = PBXFileReference; lastKnownFileType = sourcecode.swift; path = AppDelegate.swift; sourceTree = "<group>"; };
		9DB4643D21543063006B8678 /* Base */ = {isa = PBXFileReference; lastKnownFileType = file.storyboard; name = Base; path = Base.lproj/Main.storyboard; sourceTree = "<group>"; };
		9DB4643F21543067006B8678 /* Assets.xcassets */ = {isa = PBXFileReference; lastKnownFileType = folder.assetcatalog; path = Assets.xcassets; sourceTree = "<group>"; };
		9DB4644221543067006B8678 /* Base */ = {isa = PBXFileReference; lastKnownFileType = file.storyboard; name = Base; path = Base.lproj/LaunchScreen.storyboard; sourceTree = "<group>"; };
		9DB4644421543067006B8678 /* Info.plist */ = {isa = PBXFileReference; lastKnownFileType = text.plist.xml; path = Info.plist; sourceTree = "<group>"; };
		9DB4644921543068006B8678 /* MonkeyLabTests.xctest */ = {isa = PBXFileReference; explicitFileType = wrapper.cfbundle; includeInIndex = 0; path = MonkeyLabTests.xctest; sourceTree = BUILT_PRODUCTS_DIR; };
		9DB4644D21543068006B8678 /* MonkeyLabTests.swift */ = {isa = PBXFileReference; lastKnownFileType = sourcecode.swift; path = MonkeyLabTests.swift; sourceTree = "<group>"; };
		9DB4644F21543068006B8678 /* Info.plist */ = {isa = PBXFileReference; lastKnownFileType = text.plist.xml; path = Info.plist; sourceTree = "<group>"; };
		9DB4645421543068006B8678 /* MonkeyLabUITests.xctest */ = {isa = PBXFileReference; explicitFileType = wrapper.cfbundle; includeInIndex = 0; path = MonkeyLabUITests.xctest; sourceTree = BUILT_PRODUCTS_DIR; };
		9DB4645821543068006B8678 /* MonkeyLabUITests.swift */ = {isa = PBXFileReference; lastKnownFileType = sourcecode.swift; path = MonkeyLabUITests.swift; sourceTree = "<group>"; };
		9DB4645A21543068006B8678 /* Info.plist */ = {isa = PBXFileReference; lastKnownFileType = text.plist.xml; path = Info.plist; sourceTree = "<group>"; };
		9DB716F5217639AC004A68FB /* MessagesExtension.appex */ = {isa = PBXFileReference; explicitFileType = "wrapper.app-extension"; includeInIndex = 0; path = MessagesExtension.appex; sourceTree = BUILT_PRODUCTS_DIR; };
		9DB716F7217639AC004A68FB /* Messages.framework */ = {isa = PBXFileReference; lastKnownFileType = wrapper.framework; name = Messages.framework; path = System/Library/Frameworks/Messages.framework; sourceTree = SDKROOT; };
		9DB716FA217639AC004A68FB /* MessagesViewController.swift */ = {isa = PBXFileReference; lastKnownFileType = sourcecode.swift; path = MessagesViewController.swift; sourceTree = "<group>"; };
		9DB716FD217639AC004A68FB /* Base */ = {isa = PBXFileReference; lastKnownFileType = file.storyboard; name = Base; path = Base.lproj/MainInterface.storyboard; sourceTree = "<group>"; };
		9DB716FF217639AD004A68FB /* Assets.xcassets */ = {isa = PBXFileReference; lastKnownFileType = folder.assetcatalog; path = Assets.xcassets; sourceTree = "<group>"; };
		9DB71701217639AD004A68FB /* Info.plist */ = {isa = PBXFileReference; lastKnownFileType = text.plist.xml; path = Info.plist; sourceTree = "<group>"; };
		9DB71709217646A2004A68FB /* RecurrentMessage.swift */ = {isa = PBXFileReference; lastKnownFileType = sourcecode.swift; path = RecurrentMessage.swift; sourceTree = "<group>"; };
		9DB7170E21764B70004A68FB /* SavedMessageViewCell.swift */ = {isa = PBXFileReference; lastKnownFileType = sourcecode.swift; path = SavedMessageViewCell.swift; sourceTree = "<group>"; };
/* End PBXFileReference section */

/* Begin PBXFrameworksBuildPhase section */
		9DB4643221543063006B8678 /* Frameworks */ = {
			isa = PBXFrameworksBuildPhase;
			buildActionMask = 2147483647;
			files = (
			);
			runOnlyForDeploymentPostprocessing = 0;
		};
		9DB4644621543068006B8678 /* Frameworks */ = {
			isa = PBXFrameworksBuildPhase;
			buildActionMask = 2147483647;
			files = (
			);
			runOnlyForDeploymentPostprocessing = 0;
		};
		9DB4645121543068006B8678 /* Frameworks */ = {
			isa = PBXFrameworksBuildPhase;
			buildActionMask = 2147483647;
			files = (
			);
			runOnlyForDeploymentPostprocessing = 0;
		};
		9DB716F2217639AC004A68FB /* Frameworks */ = {
			isa = PBXFrameworksBuildPhase;
			buildActionMask = 2147483647;
			files = (
				9DB716F8217639AC004A68FB /* Messages.framework in Frameworks */,
			);
			runOnlyForDeploymentPostprocessing = 0;
		};
/* End PBXFrameworksBuildPhase section */

/* Begin PBXGroup section */
		9DB4642C21543063006B8678 = {
			isa = PBXGroup;
			children = (
				2B3AC0CB21695C050066D32E /* README.md */,
				9DB4643721543063006B8678 /* MonkeyLab */,
				9DB4644C21543068006B8678 /* MonkeyLabTests */,
				9DB4645721543068006B8678 /* MonkeyLabUITests */,
				9DB716F9217639AC004A68FB /* MessagesExtension */,
				9DB716F6217639AC004A68FB /* Frameworks */,
				9DB4643621543063006B8678 /* Products */,
			);
			sourceTree = "<group>";
		};
		9DB4643621543063006B8678 /* Products */ = {
			isa = PBXGroup;
			children = (
				9DB4643521543063006B8678 /* MonkeyLab.app */,
				9DB4644921543068006B8678 /* MonkeyLabTests.xctest */,
				9DB4645421543068006B8678 /* MonkeyLabUITests.xctest */,
				9DB716F5217639AC004A68FB /* MessagesExtension.appex */,
			);
			name = Products;
			sourceTree = "<group>";
		};
		9DB4643721543063006B8678 /* MonkeyLab */ = {
			isa = PBXGroup;
			children = (
				9DB4643821543063006B8678 /* AppDelegate.swift */,
				2B3AC0CF216960E80066D32E /* MainViewController.swift */,
				9DB4643C21543063006B8678 /* Main.storyboard */,
				9DB4643F21543067006B8678 /* Assets.xcassets */,
				9DB4644121543067006B8678 /* LaunchScreen.storyboard */,
				9DB4644421543067006B8678 /* Info.plist */,
			);
			path = MonkeyLab;
			sourceTree = "<group>";
		};
		9DB4644C21543068006B8678 /* MonkeyLabTests */ = {
			isa = PBXGroup;
			children = (
				9DB4644D21543068006B8678 /* MonkeyLabTests.swift */,
				9DB4644F21543068006B8678 /* Info.plist */,
			);
			path = MonkeyLabTests;
			sourceTree = "<group>";
		};
		9DB4645721543068006B8678 /* MonkeyLabUITests */ = {
			isa = PBXGroup;
			children = (
				9DB4645821543068006B8678 /* MonkeyLabUITests.swift */,
				9DB4645A21543068006B8678 /* Info.plist */,
			);
			path = MonkeyLabUITests;
			sourceTree = "<group>";
		};
		9DB716F6217639AC004A68FB /* Frameworks */ = {
			isa = PBXGroup;
			children = (
				9DB716F7217639AC004A68FB /* Messages.framework */,
			);
			name = Frameworks;
			sourceTree = "<group>";
		};
		9DB716F9217639AC004A68FB /* MessagesExtension */ = {
			isa = PBXGroup;
			children = (
				9DB716FA217639AC004A68FB /* MessagesViewController.swift */,
				9DB7170E21764B70004A68FB /* SavedMessageViewCell.swift */,
				9DB716FC217639AC004A68FB /* MainInterface.storyboard */,
				9DB716FF217639AD004A68FB /* Assets.xcassets */,
				9DB71701217639AD004A68FB /* Info.plist */,
				9DB71709217646A2004A68FB /* RecurrentMessage.swift */,
			);
			path = MessagesExtension;
			sourceTree = "<group>";
		};
/* End PBXGroup section */

/* Begin PBXNativeTarget section */
		9DB4643421543063006B8678 /* MonkeyLab */ = {
			isa = PBXNativeTarget;
			buildConfigurationList = 9DB4645D21543068006B8678 /* Build configuration list for PBXNativeTarget "MonkeyLab" */;
			buildPhases = (
				9DB4643121543063006B8678 /* Sources */,
				9DB4643221543063006B8678 /* Frameworks */,
				9DB4643321543063006B8678 /* Resources */,
				9DB71708217639AD004A68FB /* Embed App Extensions */,
			);
			buildRules = (
			);
			dependencies = (
				9DB71703217639AD004A68FB /* PBXTargetDependency */,
			);
			name = MonkeyLab;
			productName = MonkeyLab;
			productReference = 9DB4643521543063006B8678 /* MonkeyLab.app */;
			productType = "com.apple.product-type.application";
		};
		9DB4644821543068006B8678 /* MonkeyLabTests */ = {
			isa = PBXNativeTarget;
			buildConfigurationList = 9DB4646021543068006B8678 /* Build configuration list for PBXNativeTarget "MonkeyLabTests" */;
			buildPhases = (
				9DB4644521543068006B8678 /* Sources */,
				9DB4644621543068006B8678 /* Frameworks */,
				9DB4644721543068006B8678 /* Resources */,
			);
			buildRules = (
			);
			dependencies = (
				9DB4644B21543068006B8678 /* PBXTargetDependency */,
			);
			name = MonkeyLabTests;
			productName = MonkeyLabTests;
			productReference = 9DB4644921543068006B8678 /* MonkeyLabTests.xctest */;
			productType = "com.apple.product-type.bundle.unit-test";
		};
		9DB4645321543068006B8678 /* MonkeyLabUITests */ = {
			isa = PBXNativeTarget;
			buildConfigurationList = 9DB4646321543068006B8678 /* Build configuration list for PBXNativeTarget "MonkeyLabUITests" */;
			buildPhases = (
				9DB4645021543068006B8678 /* Sources */,
				9DB4645121543068006B8678 /* Frameworks */,
				9DB4645221543068006B8678 /* Resources */,
			);
			buildRules = (
			);
			dependencies = (
				9DB4645621543068006B8678 /* PBXTargetDependency */,
			);
			name = MonkeyLabUITests;
			productName = MonkeyLabUITests;
			productReference = 9DB4645421543068006B8678 /* MonkeyLabUITests.xctest */;
			productType = "com.apple.product-type.bundle.ui-testing";
		};
		9DB716F4217639AC004A68FB /* MessagesExtension */ = {
			isa = PBXNativeTarget;
			buildConfigurationList = 9DB71707217639AD004A68FB /* Build configuration list for PBXNativeTarget "MessagesExtension" */;
			buildPhases = (
				9DB716F1217639AC004A68FB /* Sources */,
				9DB716F2217639AC004A68FB /* Frameworks */,
				9DB716F3217639AC004A68FB /* Resources */,
			);
			buildRules = (
			);
			dependencies = (
			);
			name = MessagesExtension;
			productName = MessagesExtension;
			productReference = 9DB716F5217639AC004A68FB /* MessagesExtension.appex */;
			productType = "com.apple.product-type.app-extension.messages";
		};
/* End PBXNativeTarget section */

/* Begin PBXProject section */
		9DB4642D21543063006B8678 /* Project object */ = {
			isa = PBXProject;
			attributes = {
				LastSwiftUpdateCheck = 1000;
				LastUpgradeCheck = 1000;
				ORGANIZATIONNAME = "Sergio Lozano García";
				TargetAttributes = {
					9DB4643421543063006B8678 = {
						CreatedOnToolsVersion = 10.0;
					};
					9DB4644821543068006B8678 = {
						CreatedOnToolsVersion = 10.0;
						TestTargetID = 9DB4643421543063006B8678;
					};
					9DB4645321543068006B8678 = {
						CreatedOnToolsVersion = 10.0;
						TestTargetID = 9DB4643421543063006B8678;
					};
					9DB716F4217639AC004A68FB = {
						CreatedOnToolsVersion = 10.0;
					};
				};
			};
			buildConfigurationList = 9DB4643021543063006B8678 /* Build configuration list for PBXProject "MonkeyLab" */;
			compatibilityVersion = "Xcode 9.3";
			developmentRegion = en;
			hasScannedForEncodings = 0;
			knownRegions = (
				en,
				Base,
			);
			mainGroup = 9DB4642C21543063006B8678;
			productRefGroup = 9DB4643621543063006B8678 /* Products */;
			projectDirPath = "";
			projectRoot = "";
			targets = (
				9DB4643421543063006B8678 /* MonkeyLab */,
				9DB4644821543068006B8678 /* MonkeyLabTests */,
				9DB4645321543068006B8678 /* MonkeyLabUITests */,
				9DB716F4217639AC004A68FB /* MessagesExtension */,
			);
		};
/* End PBXProject section */

/* Begin PBXResourcesBuildPhase section */
		9DB4643321543063006B8678 /* Resources */ = {
			isa = PBXResourcesBuildPhase;
			buildActionMask = 2147483647;
			files = (
				9DB4644321543067006B8678 /* LaunchScreen.storyboard in Resources */,
				9DB4644021543067006B8678 /* Assets.xcassets in Resources */,
				9DB4643E21543063006B8678 /* Main.storyboard in Resources */,
			);
			runOnlyForDeploymentPostprocessing = 0;
		};
		9DB4644721543068006B8678 /* Resources */ = {
			isa = PBXResourcesBuildPhase;
			buildActionMask = 2147483647;
			files = (
			);
			runOnlyForDeploymentPostprocessing = 0;
		};
		9DB4645221543068006B8678 /* Resources */ = {
			isa = PBXResourcesBuildPhase;
			buildActionMask = 2147483647;
			files = (
			);
			runOnlyForDeploymentPostprocessing = 0;
		};
		9DB716F3217639AC004A68FB /* Resources */ = {
			isa = PBXResourcesBuildPhase;
			buildActionMask = 2147483647;
			files = (
				9DB71700217639AD004A68FB /* Assets.xcassets in Resources */,
				9DB716FE217639AC004A68FB /* MainInterface.storyboard in Resources */,
			);
			runOnlyForDeploymentPostprocessing = 0;
		};
/* End PBXResourcesBuildPhase section */

/* Begin PBXSourcesBuildPhase section */
		9DB4643121543063006B8678 /* Sources */ = {
			isa = PBXSourcesBuildPhase;
			buildActionMask = 2147483647;
			files = (
				9DB7170A217646A2004A68FB /* RecurrentMessage.swift in Sources */,
				9DB4643921543063006B8678 /* AppDelegate.swift in Sources */,
				2B3AC0D0216960E80066D32E /* MainViewController.swift in Sources */,
			);
			runOnlyForDeploymentPostprocessing = 0;
		};
		9DB4644521543068006B8678 /* Sources */ = {
			isa = PBXSourcesBuildPhase;
			buildActionMask = 2147483647;
			files = (
				9DB7170B217646A2004A68FB /* RecurrentMessage.swift in Sources */,
				9DB4644E21543068006B8678 /* MonkeyLabTests.swift in Sources */,
			);
			runOnlyForDeploymentPostprocessing = 0;
		};
		9DB4645021543068006B8678 /* Sources */ = {
			isa = PBXSourcesBuildPhase;
			buildActionMask = 2147483647;
			files = (
				9DB7170F21764B70004A68FB /* SavedMessageViewCell.swift in Sources */,
				9DB7170C217646A2004A68FB /* RecurrentMessage.swift in Sources */,
				9DB4645921543068006B8678 /* MonkeyLabUITests.swift in Sources */,
				2B3AC0D1216960E80066D32E /* MainViewController.swift in Sources */,
			);
			runOnlyForDeploymentPostprocessing = 0;
		};
		9DB716F1217639AC004A68FB /* Sources */ = {
			isa = PBXSourcesBuildPhase;
			buildActionMask = 2147483647;
			files = (
				9DB7170D217646A2004A68FB /* RecurrentMessage.swift in Sources */,
				9DB716FB217639AC004A68FB /* MessagesViewController.swift in Sources */,
				9DB7171021764B70004A68FB /* SavedMessageViewCell.swift in Sources */,
			);
			runOnlyForDeploymentPostprocessing = 0;
		};
/* End PBXSourcesBuildPhase section */

/* Begin PBXTargetDependency section */
		9DB4644B21543068006B8678 /* PBXTargetDependency */ = {
			isa = PBXTargetDependency;
			target = 9DB4643421543063006B8678 /* MonkeyLab */;
			targetProxy = 9DB4644A21543068006B8678 /* PBXContainerItemProxy */;
		};
		9DB4645621543068006B8678 /* PBXTargetDependency */ = {
			isa = PBXTargetDependency;
			target = 9DB4643421543063006B8678 /* MonkeyLab */;
			targetProxy = 9DB4645521543068006B8678 /* PBXContainerItemProxy */;
		};
		9DB71703217639AD004A68FB /* PBXTargetDependency */ = {
			isa = PBXTargetDependency;
			target = 9DB716F4217639AC004A68FB /* MessagesExtension */;
			targetProxy = 9DB71702217639AD004A68FB /* PBXContainerItemProxy */;
		};
/* End PBXTargetDependency section */

/* Begin PBXVariantGroup section */
		9DB4643C21543063006B8678 /* Main.storyboard */ = {
			isa = PBXVariantGroup;
			children = (
				9DB4643D21543063006B8678 /* Base */,
			);
			name = Main.storyboard;
			sourceTree = "<group>";
		};
		9DB4644121543067006B8678 /* LaunchScreen.storyboard */ = {
			isa = PBXVariantGroup;
			children = (
				9DB4644221543067006B8678 /* Base */,
			);
			name = LaunchScreen.storyboard;
			sourceTree = "<group>";
		};
		9DB716FC217639AC004A68FB /* MainInterface.storyboard */ = {
			isa = PBXVariantGroup;
			children = (
				9DB716FD217639AC004A68FB /* Base */,
			);
			name = MainInterface.storyboard;
			sourceTree = "<group>";
		};
/* End PBXVariantGroup section */

/* Begin XCBuildConfiguration section */
		9DB4645B21543068006B8678 /* Debug */ = {
			isa = XCBuildConfiguration;
			buildSettings = {
				ALWAYS_SEARCH_USER_PATHS = NO;
				CLANG_ANALYZER_NONNULL = YES;
				CLANG_ANALYZER_NUMBER_OBJECT_CONVERSION = YES_AGGRESSIVE;
				CLANG_CXX_LANGUAGE_STANDARD = "gnu++14";
				CLANG_CXX_LIBRARY = "libc++";
				CLANG_ENABLE_MODULES = YES;
				CLANG_ENABLE_OBJC_ARC = YES;
				CLANG_ENABLE_OBJC_WEAK = YES;
				CLANG_WARN_BLOCK_CAPTURE_AUTORELEASING = YES;
				CLANG_WARN_BOOL_CONVERSION = YES;
				CLANG_WARN_COMMA = YES;
				CLANG_WARN_CONSTANT_CONVERSION = YES;
				CLANG_WARN_DEPRECATED_OBJC_IMPLEMENTATIONS = YES;
				CLANG_WARN_DIRECT_OBJC_ISA_USAGE = YES_ERROR;
				CLANG_WARN_DOCUMENTATION_COMMENTS = YES;
				CLANG_WARN_EMPTY_BODY = YES;
				CLANG_WARN_ENUM_CONVERSION = YES;
				CLANG_WARN_INFINITE_RECURSION = YES;
				CLANG_WARN_INT_CONVERSION = YES;
				CLANG_WARN_NON_LITERAL_NULL_CONVERSION = YES;
				CLANG_WARN_OBJC_IMPLICIT_RETAIN_SELF = YES;
				CLANG_WARN_OBJC_LITERAL_CONVERSION = YES;
				CLANG_WARN_OBJC_ROOT_CLASS = YES_ERROR;
				CLANG_WARN_RANGE_LOOP_ANALYSIS = YES;
				CLANG_WARN_STRICT_PROTOTYPES = YES;
				CLANG_WARN_SUSPICIOUS_MOVE = YES;
				CLANG_WARN_UNGUARDED_AVAILABILITY = YES_AGGRESSIVE;
				CLANG_WARN_UNREACHABLE_CODE = YES;
				CLANG_WARN__DUPLICATE_METHOD_MATCH = YES;
				CODE_SIGN_IDENTITY = "iPhone Developer";
				COPY_PHASE_STRIP = NO;
				DEBUG_INFORMATION_FORMAT = dwarf;
				ENABLE_STRICT_OBJC_MSGSEND = YES;
				ENABLE_TESTABILITY = YES;
				GCC_C_LANGUAGE_STANDARD = gnu11;
				GCC_DYNAMIC_NO_PIC = NO;
				GCC_NO_COMMON_BLOCKS = YES;
				GCC_OPTIMIZATION_LEVEL = 0;
				GCC_PREPROCESSOR_DEFINITIONS = (
					"DEBUG=1",
					"$(inherited)",
				);
				GCC_WARN_64_TO_32_BIT_CONVERSION = YES;
				GCC_WARN_ABOUT_RETURN_TYPE = YES_ERROR;
				GCC_WARN_UNDECLARED_SELECTOR = YES;
				GCC_WARN_UNINITIALIZED_AUTOS = YES_AGGRESSIVE;
				GCC_WARN_UNUSED_FUNCTION = YES;
				GCC_WARN_UNUSED_VARIABLE = YES;
				IPHONEOS_DEPLOYMENT_TARGET = 12.0;
				MTL_ENABLE_DEBUG_INFO = INCLUDE_SOURCE;
				MTL_FAST_MATH = YES;
				ONLY_ACTIVE_ARCH = YES;
				SDKROOT = iphoneos;
				SWIFT_ACTIVE_COMPILATION_CONDITIONS = DEBUG;
				SWIFT_OPTIMIZATION_LEVEL = "-Onone";
			};
			name = Debug;
		};
		9DB4645C21543068006B8678 /* Release */ = {
			isa = XCBuildConfiguration;
			buildSettings = {
				ALWAYS_SEARCH_USER_PATHS = NO;
				CLANG_ANALYZER_NONNULL = YES;
				CLANG_ANALYZER_NUMBER_OBJECT_CONVERSION = YES_AGGRESSIVE;
				CLANG_CXX_LANGUAGE_STANDARD = "gnu++14";
				CLANG_CXX_LIBRARY = "libc++";
				CLANG_ENABLE_MODULES = YES;
				CLANG_ENABLE_OBJC_ARC = YES;
				CLANG_ENABLE_OBJC_WEAK = YES;
				CLANG_WARN_BLOCK_CAPTURE_AUTORELEASING = YES;
				CLANG_WARN_BOOL_CONVERSION = YES;
				CLANG_WARN_COMMA = YES;
				CLANG_WARN_CONSTANT_CONVERSION = YES;
				CLANG_WARN_DEPRECATED_OBJC_IMPLEMENTATIONS = YES;
				CLANG_WARN_DIRECT_OBJC_ISA_USAGE = YES_ERROR;
				CLANG_WARN_DOCUMENTATION_COMMENTS = YES;
				CLANG_WARN_EMPTY_BODY = YES;
				CLANG_WARN_ENUM_CONVERSION = YES;
				CLANG_WARN_INFINITE_RECURSION = YES;
				CLANG_WARN_INT_CONVERSION = YES;
				CLANG_WARN_NON_LITERAL_NULL_CONVERSION = YES;
				CLANG_WARN_OBJC_IMPLICIT_RETAIN_SELF = YES;
				CLANG_WARN_OBJC_LITERAL_CONVERSION = YES;
				CLANG_WARN_OBJC_ROOT_CLASS = YES_ERROR;
				CLANG_WARN_RANGE_LOOP_ANALYSIS = YES;
				CLANG_WARN_STRICT_PROTOTYPES = YES;
				CLANG_WARN_SUSPICIOUS_MOVE = YES;
				CLANG_WARN_UNGUARDED_AVAILABILITY = YES_AGGRESSIVE;
				CLANG_WARN_UNREACHABLE_CODE = YES;
				CLANG_WARN__DUPLICATE_METHOD_MATCH = YES;
				CODE_SIGN_IDENTITY = "iPhone Developer";
				COPY_PHASE_STRIP = NO;
				DEBUG_INFORMATION_FORMAT = "dwarf-with-dsym";
				ENABLE_NS_ASSERTIONS = NO;
				ENABLE_STRICT_OBJC_MSGSEND = YES;
				GCC_C_LANGUAGE_STANDARD = gnu11;
				GCC_NO_COMMON_BLOCKS = YES;
				GCC_WARN_64_TO_32_BIT_CONVERSION = YES;
				GCC_WARN_ABOUT_RETURN_TYPE = YES_ERROR;
				GCC_WARN_UNDECLARED_SELECTOR = YES;
				GCC_WARN_UNINITIALIZED_AUTOS = YES_AGGRESSIVE;
				GCC_WARN_UNUSED_FUNCTION = YES;
				GCC_WARN_UNUSED_VARIABLE = YES;
				IPHONEOS_DEPLOYMENT_TARGET = 12.0;
				MTL_ENABLE_DEBUG_INFO = NO;
				MTL_FAST_MATH = YES;
				SDKROOT = iphoneos;
				SWIFT_COMPILATION_MODE = wholemodule;
				SWIFT_OPTIMIZATION_LEVEL = "-O";
				VALIDATE_PRODUCT = YES;
			};
			name = Release;
		};
		9DB4645E21543068006B8678 /* Debug */ = {
			isa = XCBuildConfiguration;
			buildSettings = {
				ALWAYS_EMBED_SWIFT_STANDARD_LIBRARIES = YES;
				ASSETCATALOG_COMPILER_APPICON_NAME = AppIcon;
				CODE_SIGN_STYLE = Automatic;
				DEVELOPMENT_TEAM = AQUE4FE98B;
				INFOPLIST_FILE = MonkeyLab/Info.plist;
				LD_RUNPATH_SEARCH_PATHS = (
					"$(inherited)",
					"@executable_path/Frameworks",
				);
				PRODUCT_BUNDLE_IDENTIFIER = io.zheref.MonkeyLab;
				PRODUCT_NAME = "$(TARGET_NAME)";
				SWIFT_VERSION = 4.2;
				TARGETED_DEVICE_FAMILY = "1,2";
			};
			name = Debug;
		};
		9DB4645F21543068006B8678 /* Release */ = {
			isa = XCBuildConfiguration;
			buildSettings = {
				ALWAYS_EMBED_SWIFT_STANDARD_LIBRARIES = YES;
				ASSETCATALOG_COMPILER_APPICON_NAME = AppIcon;
				CODE_SIGN_STYLE = Automatic;
				DEVELOPMENT_TEAM = AQUE4FE98B;
				INFOPLIST_FILE = MonkeyLab/Info.plist;
				LD_RUNPATH_SEARCH_PATHS = (
					"$(inherited)",
					"@executable_path/Frameworks",
				);
				PRODUCT_BUNDLE_IDENTIFIER = io.zheref.MonkeyLab;
				PRODUCT_NAME = "$(TARGET_NAME)";
				SWIFT_VERSION = 4.2;
				TARGETED_DEVICE_FAMILY = "1,2";
			};
			name = Release;
		};
		9DB4646121543068006B8678 /* Debug */ = {
			isa = XCBuildConfiguration;
			buildSettings = {
				ALWAYS_EMBED_SWIFT_STANDARD_LIBRARIES = YES;
				BUNDLE_LOADER = "$(TEST_HOST)";
				CODE_SIGN_STYLE = Automatic;
				DEVELOPMENT_TEAM = AQUE4FE98B;
				INFOPLIST_FILE = MonkeyLabTests/Info.plist;
				LD_RUNPATH_SEARCH_PATHS = (
					"$(inherited)",
					"@executable_path/Frameworks",
					"@loader_path/Frameworks",
				);
				PRODUCT_BUNDLE_IDENTIFIER = io.zheref.MonkeyLabTests;
				PRODUCT_NAME = "$(TARGET_NAME)";
				SWIFT_VERSION = 4.2;
				TARGETED_DEVICE_FAMILY = "1,2";
				TEST_HOST = "$(BUILT_PRODUCTS_DIR)/MonkeyLab.app/MonkeyLab";
			};
			name = Debug;
		};
		9DB4646221543068006B8678 /* Release */ = {
			isa = XCBuildConfiguration;
			buildSettings = {
				ALWAYS_EMBED_SWIFT_STANDARD_LIBRARIES = YES;
				BUNDLE_LOADER = "$(TEST_HOST)";
				CODE_SIGN_STYLE = Automatic;
				DEVELOPMENT_TEAM = AQUE4FE98B;
				INFOPLIST_FILE = MonkeyLabTests/Info.plist;
				LD_RUNPATH_SEARCH_PATHS = (
					"$(inherited)",
					"@executable_path/Frameworks",
					"@loader_path/Frameworks",
				);
				PRODUCT_BUNDLE_IDENTIFIER = io.zheref.MonkeyLabTests;
				PRODUCT_NAME = "$(TARGET_NAME)";
				SWIFT_VERSION = 4.2;
				TARGETED_DEVICE_FAMILY = "1,2";
				TEST_HOST = "$(BUILT_PRODUCTS_DIR)/MonkeyLab.app/MonkeyLab";
			};
			name = Release;
		};
		9DB4646421543068006B8678 /* Debug */ = {
			isa = XCBuildConfiguration;
			buildSettings = {
				ALWAYS_EMBED_SWIFT_STANDARD_LIBRARIES = YES;
				CODE_SIGN_STYLE = Automatic;
				DEVELOPMENT_TEAM = AQUE4FE98B;
				INFOPLIST_FILE = MonkeyLabUITests/Info.plist;
				LD_RUNPATH_SEARCH_PATHS = (
					"$(inherited)",
					"@executable_path/Frameworks",
					"@loader_path/Frameworks",
				);
				PRODUCT_BUNDLE_IDENTIFIER = io.zheref.MonkeyLabUITests;
				PRODUCT_NAME = "$(TARGET_NAME)";
				SWIFT_VERSION = 4.2;
				TARGETED_DEVICE_FAMILY = "1,2";
				TEST_TARGET_NAME = MonkeyLab;
			};
			name = Debug;
		};
		9DB4646521543068006B8678 /* Release */ = {
			isa = XCBuildConfiguration;
			buildSettings = {
				ALWAYS_EMBED_SWIFT_STANDARD_LIBRARIES = YES;
				CODE_SIGN_STYLE = Automatic;
				DEVELOPMENT_TEAM = AQUE4FE98B;
				INFOPLIST_FILE = MonkeyLabUITests/Info.plist;
				LD_RUNPATH_SEARCH_PATHS = (
					"$(inherited)",
					"@executable_path/Frameworks",
					"@loader_path/Frameworks",
				);
				PRODUCT_BUNDLE_IDENTIFIER = io.zheref.MonkeyLabUITests;
				PRODUCT_NAME = "$(TARGET_NAME)";
				SWIFT_VERSION = 4.2;
				TARGETED_DEVICE_FAMILY = "1,2";
				TEST_TARGET_NAME = MonkeyLab;
			};
			name = Release;
		};
		9DB71705217639AD004A68FB /* Debug */ = {
			isa = XCBuildConfiguration;
			buildSettings = {
				ASSETCATALOG_COMPILER_APPICON_NAME = "iMessage App Icon";
				CODE_SIGN_STYLE = Automatic;
				DEVELOPMENT_TEAM = AQUE4FE98B;
				INFOPLIST_FILE = MessagesExtension/Info.plist;
				LD_RUNPATH_SEARCH_PATHS = (
					"$(inherited)",
					"@executable_path/Frameworks",
					"@executable_path/../../Frameworks",
				);
				PRODUCT_BUNDLE_IDENTIFIER = io.zheref.MonkeyLab.MessagesExtension;
				PRODUCT_NAME = "$(TARGET_NAME)";
				SKIP_INSTALL = YES;
				SWIFT_VERSION = 4.2;
				TARGETED_DEVICE_FAMILY = "1,2";
			};
			name = Debug;
		};
		9DB71706217639AD004A68FB /* Release */ = {
			isa = XCBuildConfiguration;
			buildSettings = {
				ASSETCATALOG_COMPILER_APPICON_NAME = "iMessage App Icon";
				CODE_SIGN_STYLE = Automatic;
				DEVELOPMENT_TEAM = AQUE4FE98B;
				INFOPLIST_FILE = MessagesExtension/Info.plist;
				LD_RUNPATH_SEARCH_PATHS = (
					"$(inherited)",
					"@executable_path/Frameworks",
					"@executable_path/../../Frameworks",
				);
				PRODUCT_BUNDLE_IDENTIFIER = io.zheref.MonkeyLab.MessagesExtension;
				PRODUCT_NAME = "$(TARGET_NAME)";
				SKIP_INSTALL = YES;
				SWIFT_VERSION = 4.2;
				TARGETED_DEVICE_FAMILY = "1,2";
			};
			name = Release;
		};
/* End XCBuildConfiguration section */

/* Begin XCConfigurationList section */
		9DB4643021543063006B8678 /* Build configuration list for PBXProject "MonkeyLab" */ = {
			isa = XCConfigurationList;
			buildConfigurations = (
				9DB4645B21543068006B8678 /* Debug */,
				9DB4645C21543068006B8678 /* Release */,
			);
			defaultConfigurationIsVisible = 0;
			defaultConfigurationName = Release;
		};
		9DB4645D21543068006B8678 /* Build configuration list for PBXNativeTarget "MonkeyLab" */ = {
			isa = XCConfigurationList;
			buildConfigurations = (
				9DB4645E21543068006B8678 /* Debug */,
				9DB4645F21543068006B8678 /* Release */,
			);
			defaultConfigurationIsVisible = 0;
			defaultConfigurationName = Release;
		};
		9DB4646021543068006B8678 /* Build configuration list for PBXNativeTarget "MonkeyLabTests" */ = {
			isa = XCConfigurationList;
			buildConfigurations = (
				9DB4646121543068006B8678 /* Debug */,
				9DB4646221543068006B8678 /* Release */,
			);
			defaultConfigurationIsVisible = 0;
			defaultConfigurationName = Release;
		};
		9DB4646321543068006B8678 /* Build configuration list for PBXNativeTarget "MonkeyLabUITests" */ = {
			isa = XCConfigurationList;
			buildConfigurations = (
				9DB4646421543068006B8678 /* Debug */,
				9DB4646521543068006B8678 /* Release */,
			);
			defaultConfigurationIsVisible = 0;
			defaultConfigurationName = Release;
		};
		9DB71707217639AD004A68FB /* Build configuration list for PBXNativeTarget "MessagesExtension" */ = {
			isa = XCConfigurationList;
			buildConfigurations = (
				9DB71705217639AD004A68FB /* Debug */,
				9DB71706217639AD004A68FB /* Release */,
			);
			defaultConfigurationIsVisible = 0;
			defaultConfigurationName = Release;
		};
/* End XCConfigurationList section */
	};
	rootObject = 9DB4642D21543063006B8678 /* Project object */;
}
